
Microsoft Visual Studio Solution File, Format Version 12.00
# Visual Studio Version 16
VisualStudioVersion = 16.0.29806.167
MinimumVisualStudioVersion = 10.0.40219.1
Project("{FAE04EC0-301F-11D3-BF4B-00C04F79EFBC}") = "LoginDTO", "LoginDTO\LoginDTO.csproj", "{FDC21893-0AA0-4997-9C0F-DB1D7B13E1CB}"
EndProject
Project("{FAE04EC0-301F-11D3-BF4B-00C04F79EFBC}") = "LoginServerBO", "LoginServerBO\LoginServerBO.csproj", "{CBCFD9AA-7748-425A-B5AB-926897FC2D81}"
EndProject
Project("{FAE04EC0-301F-11D3-BF4B-00C04F79EFBC}") = "LoginVO", "LoginVO\LoginVO.csproj", "{01D943A2-D8E3-47BC-BDE7-31BEF267A08E}"
EndProject
Project("{FAE04EC0-301F-11D3-BF4B-00C04F79EFBC}") = "RoleBase", "RoleBase\RoleBase.csproj", "{ACBAD4B8-CB11-4D02-897A-A64EA592A269}"
EndProject
Project("{00D1A9C2-B5F0-4AF3-8072-F6C62B433612}") = "RoleBaseDB", "RoleBaseDB\RoleBaseDB.sqlproj", "{BEE5E651-AEB1-47C8-B9A2-A63A10A7C483}"
EndProject
Global
	GlobalSection(SolutionConfigurationPlatforms) = preSolution
		Debug|Any CPU = Debug|Any CPU
		Release|Any CPU = Release|Any CPU
	EndGlobalSection
	GlobalSection(ProjectConfigurationPlatforms) = postSolution
		{FDC21893-0AA0-4997-9C0F-DB1D7B13E1CB}.Debug|Any CPU.ActiveCfg = Debug|Any CPU
		{FDC21893-0AA0-4997-9C0F-DB1D7B13E1CB}.Debug|Any CPU.Build.0 = Debug|Any CPU
		{FDC21893-0AA0-4997-9C0F-DB1D7B13E1CB}.Release|Any CPU.ActiveCfg = Release|Any CPU
		{FDC21893-0AA0-4997-9C0F-DB1D7B13E1CB}.Release|Any CPU.Build.0 = Release|Any CPU
		{CBCFD9AA-7748-425A-B5AB-926897FC2D81}.Debug|Any CPU.ActiveCfg = Debug|Any CPU
		{CBCFD9AA-7748-425A-B5AB-926897FC2D81}.Debug|Any CPU.Build.0 = Debug|Any CPU
		{CBCFD9AA-7748-425A-B5AB-926897FC2D81}.Release|Any CPU.ActiveCfg = Release|Any CPU
		{CBCFD9AA-7748-425A-B5AB-926897FC2D81}.Release|Any CPU.Build.0 = Release|Any CPU
		{01D943A2-D8E3-47BC-BDE7-31BEF267A08E}.Debug|Any CPU.ActiveCfg = Debug|Any CPU
		{01D943A2-D8E3-47BC-BDE7-31BEF267A08E}.Debug|Any CPU.Build.0 = Debug|Any CPU
		{01D943A2-D8E3-47BC-BDE7-31BEF267A08E}.Release|Any CPU.ActiveCfg = Release|Any CPU
		{01D943A2-D8E3-47BC-BDE7-31BEF267A08E}.Release|Any CPU.Build.0 = Release|Any CPU
		{ACBAD4B8-CB11-4D02-897A-A64EA592A269}.Debug|Any CPU.ActiveCfg = Debug|Any CPU
		{ACBAD4B8-CB11-4D02-897A-A64EA592A269}.Debug|Any CPU.Build.0 = Debug|Any CPU
		{ACBAD4B8-CB11-4D02-897A-A64EA592A269}.Release|Any CPU.ActiveCfg = Release|Any CPU
		{ACBAD4B8-CB11-4D02-897A-A64EA592A269}.Release|Any CPU.Build.0 = Release|Any CPU
		{BEE5E651-AEB1-47C8-B9A2-A63A10A7C483}.Debug|Any CPU.ActiveCfg = Debug|Any CPU
		{BEE5E651-AEB1-47C8-B9A2-A63A10A7C483}.Debug|Any CPU.Build.0 = Debug|Any CPU
		{BEE5E651-AEB1-47C8-B9A2-A63A10A7C483}.Debug|Any CPU.Deploy.0 = Debug|Any CPU
		{BEE5E651-AEB1-47C8-B9A2-A63A10A7C483}.Release|Any CPU.ActiveCfg = Release|Any CPU
		{BEE5E651-AEB1-47C8-B9A2-A63A10A7C483}.Release|Any CPU.Build.0 = Release|Any CPU
		{BEE5E651-AEB1-47C8-B9A2-A63A10A7C483}.Release|Any CPU.Deploy.0 = Release|Any CPU
	EndGlobalSection
	GlobalSection(SolutionProperties) = preSolution
		HideSolutionNode = FALSE
	EndGlobalSection
	GlobalSection(ExtensibilityGlobals) = postSolution
		SolutionGuid = {BC18D011-26C5-4677-A06F-E966BD29B5D0}
	EndGlobalSection
EndGlobal
