
Microsoft Visual Studio Solution File, Format Version 12.00
# Visual Studio Version 16
VisualStudioVersion = 16.0.29806.167
MinimumVisualStudioVersion = 10.0.40219.1
Project("{FAE04EC0-301F-11D3-BF4B-00C04F79EFBC}") = "RoleBase", "RoleBase\RoleBase.csproj", "{ACBAD4B8-CB11-4D02-897A-A64EA592A269}"
EndProject
Project("{00D1A9C2-B5F0-4AF3-8072-F6C62B433612}") = "RoleBaseDB", "RoleBaseDB\RoleBaseDB.sqlproj", "{BEE5E651-AEB1-47C8-B9A2-A63A10A7C483}"
EndProject
Project("{FAE04EC0-301F-11D3-BF4B-00C04F79EFBC}") = "RoleBaseTests", "RoleBaseTests\RoleBaseTests.csproj", "{AEE5F49F-5E27-4445-8699-7D3F6B66203E}"
EndProject
Project("{FAE04EC0-301F-11D3-BF4B-00C04F79EFBC}") = "Login.DAL", "Login.DAL\Login.DAL.csproj", "{C9C8CF23-CD90-4FDF-ADE1-A45D98FD410C}"
EndProject
Project("{FAE04EC0-301F-11D3-BF4B-00C04F79EFBC}") = "Login.VO", "Login.VO\Login.VO.csproj", "{99F57CF6-1F24-4900-BDF7-640FD01DD465}"
EndProject
Project("{FAE04EC0-301F-11D3-BF4B-00C04F79EFBC}") = "Login.DTO", "Login.DTO\Login.DTO.csproj", "{37FCF020-955A-4C32-814A-4AF00BB982C3}"
EndProject
Project("{FAE04EC0-301F-11D3-BF4B-00C04F79EFBC}") = "Login.BO", "Login.BO\Login.BO.csproj", "{02E5A56F-EE23-4B89-822E-C75EC0F0C847}"
EndProject
Project("{FAE04EC0-301F-11D3-BF4B-00C04F79EFBC}") = "Login.DALTests", "Login.DALTests\Login.DALTests.csproj", "{11325E57-D167-465C-BBEE-8F86809898A1}"
EndProject
Project("{FAE04EC0-301F-11D3-BF4B-00C04F79EFBC}") = "Login.BOTests", "Login.BOTests\Login.BOTests.csproj", "{7AF1DE8F-A15B-45FF-9FA1-109C68EF8F92}"
EndProject
Project("{FAE04EC0-301F-11D3-BF4B-00C04F79EFBC}") = "Login.Service", "Login.Service\Login.Service.csproj", "{EB6E278F-C2DF-42D8-BEB2-934E872E0419}"
EndProject
Project("{FAE04EC0-301F-11D3-BF4B-00C04F79EFBC}") = "Login.ServiceTests", "Login.ServiceTests\Login.ServiceTests.csproj", "{AE1767CA-14CA-4109-9DC8-E2455A3A16FF}"
EndProject
Global
	GlobalSection(SolutionConfigurationPlatforms) = preSolution
		Debug|Any CPU = Debug|Any CPU
		Release|Any CPU = Release|Any CPU
	EndGlobalSection
	GlobalSection(ProjectConfigurationPlatforms) = postSolution
		{ACBAD4B8-CB11-4D02-897A-A64EA592A269}.Debug|Any CPU.ActiveCfg = Debug|Any CPU
		{ACBAD4B8-CB11-4D02-897A-A64EA592A269}.Debug|Any CPU.Build.0 = Debug|Any CPU
		{ACBAD4B8-CB11-4D02-897A-A64EA592A269}.Release|Any CPU.ActiveCfg = Release|Any CPU
		{ACBAD4B8-CB11-4D02-897A-A64EA592A269}.Release|Any CPU.Build.0 = Release|Any CPU
		{BEE5E651-AEB1-47C8-B9A2-A63A10A7C483}.Debug|Any CPU.ActiveCfg = Debug|Any CPU
		{BEE5E651-AEB1-47C8-B9A2-A63A10A7C483}.Debug|Any CPU.Build.0 = Debug|Any CPU
		{BEE5E651-AEB1-47C8-B9A2-A63A10A7C483}.Debug|Any CPU.Deploy.0 = Debug|Any CPU
		{BEE5E651-AEB1-47C8-B9A2-A63A10A7C483}.Release|Any CPU.ActiveCfg = Release|Any CPU
		{BEE5E651-AEB1-47C8-B9A2-A63A10A7C483}.Release|Any CPU.Build.0 = Release|Any CPU
		{BEE5E651-AEB1-47C8-B9A2-A63A10A7C483}.Release|Any CPU.Deploy.0 = Release|Any CPU
		{AEE5F49F-5E27-4445-8699-7D3F6B66203E}.Debug|Any CPU.ActiveCfg = Debug|Any CPU
		{AEE5F49F-5E27-4445-8699-7D3F6B66203E}.Debug|Any CPU.Build.0 = Debug|Any CPU
		{AEE5F49F-5E27-4445-8699-7D3F6B66203E}.Release|Any CPU.ActiveCfg = Release|Any CPU
		{AEE5F49F-5E27-4445-8699-7D3F6B66203E}.Release|Any CPU.Build.0 = Release|Any CPU
		{C9C8CF23-CD90-4FDF-ADE1-A45D98FD410C}.Debug|Any CPU.ActiveCfg = Debug|Any CPU
		{C9C8CF23-CD90-4FDF-ADE1-A45D98FD410C}.Debug|Any CPU.Build.0 = Debug|Any CPU
		{C9C8CF23-CD90-4FDF-ADE1-A45D98FD410C}.Release|Any CPU.ActiveCfg = Release|Any CPU
		{C9C8CF23-CD90-4FDF-ADE1-A45D98FD410C}.Release|Any CPU.Build.0 = Release|Any CPU
		{99F57CF6-1F24-4900-BDF7-640FD01DD465}.Debug|Any CPU.ActiveCfg = Debug|Any CPU
		{99F57CF6-1F24-4900-BDF7-640FD01DD465}.Debug|Any CPU.Build.0 = Debug|Any CPU
		{99F57CF6-1F24-4900-BDF7-640FD01DD465}.Release|Any CPU.ActiveCfg = Release|Any CPU
		{99F57CF6-1F24-4900-BDF7-640FD01DD465}.Release|Any CPU.Build.0 = Release|Any CPU
		{37FCF020-955A-4C32-814A-4AF00BB982C3}.Debug|Any CPU.ActiveCfg = Debug|Any CPU
		{37FCF020-955A-4C32-814A-4AF00BB982C3}.Debug|Any CPU.Build.0 = Debug|Any CPU
		{37FCF020-955A-4C32-814A-4AF00BB982C3}.Release|Any CPU.ActiveCfg = Release|Any CPU
		{37FCF020-955A-4C32-814A-4AF00BB982C3}.Release|Any CPU.Build.0 = Release|Any CPU
		{02E5A56F-EE23-4B89-822E-C75EC0F0C847}.Debug|Any CPU.ActiveCfg = Debug|Any CPU
		{02E5A56F-EE23-4B89-822E-C75EC0F0C847}.Debug|Any CPU.Build.0 = Debug|Any CPU
		{02E5A56F-EE23-4B89-822E-C75EC0F0C847}.Release|Any CPU.ActiveCfg = Release|Any CPU
		{02E5A56F-EE23-4B89-822E-C75EC0F0C847}.Release|Any CPU.Build.0 = Release|Any CPU
		{11325E57-D167-465C-BBEE-8F86809898A1}.Debug|Any CPU.ActiveCfg = Debug|Any CPU
		{11325E57-D167-465C-BBEE-8F86809898A1}.Debug|Any CPU.Build.0 = Debug|Any CPU
		{11325E57-D167-465C-BBEE-8F86809898A1}.Release|Any CPU.ActiveCfg = Release|Any CPU
		{11325E57-D167-465C-BBEE-8F86809898A1}.Release|Any CPU.Build.0 = Release|Any CPU
		{7AF1DE8F-A15B-45FF-9FA1-109C68EF8F92}.Debug|Any CPU.ActiveCfg = Debug|Any CPU
		{7AF1DE8F-A15B-45FF-9FA1-109C68EF8F92}.Debug|Any CPU.Build.0 = Debug|Any CPU
		{7AF1DE8F-A15B-45FF-9FA1-109C68EF8F92}.Release|Any CPU.ActiveCfg = Release|Any CPU
		{7AF1DE8F-A15B-45FF-9FA1-109C68EF8F92}.Release|Any CPU.Build.0 = Release|Any CPU
		{EB6E278F-C2DF-42D8-BEB2-934E872E0419}.Debug|Any CPU.ActiveCfg = Debug|Any CPU
		{EB6E278F-C2DF-42D8-BEB2-934E872E0419}.Debug|Any CPU.Build.0 = Debug|Any CPU
		{EB6E278F-C2DF-42D8-BEB2-934E872E0419}.Release|Any CPU.ActiveCfg = Release|Any CPU
		{EB6E278F-C2DF-42D8-BEB2-934E872E0419}.Release|Any CPU.Build.0 = Release|Any CPU
		{AE1767CA-14CA-4109-9DC8-E2455A3A16FF}.Debug|Any CPU.ActiveCfg = Debug|Any CPU
		{AE1767CA-14CA-4109-9DC8-E2455A3A16FF}.Debug|Any CPU.Build.0 = Debug|Any CPU
		{AE1767CA-14CA-4109-9DC8-E2455A3A16FF}.Release|Any CPU.ActiveCfg = Release|Any CPU
		{AE1767CA-14CA-4109-9DC8-E2455A3A16FF}.Release|Any CPU.Build.0 = Release|Any CPU
	EndGlobalSection
	GlobalSection(SolutionProperties) = preSolution
		HideSolutionNode = FALSE
	EndGlobalSection
	GlobalSection(ExtensibilityGlobals) = postSolution
		SolutionGuid = {BC18D011-26C5-4677-A06F-E966BD29B5D0}
	EndGlobalSection
EndGlobal
